
Microsoft Visual Studio Solution File, Format Version 12.00
# Visual Studio Version 16
VisualStudioVersion = 16.0.30907.101
MinimumVisualStudioVersion = 15.0.26124.0
Project("{2150E333-8FDC-42A3-9474-1A3956D46DE8}") = "src", "src", "{8CD3EFFE-F95E-44B9-8417-3DA5BB3D5E4B}"
EndProject
Project("{2150E333-8FDC-42A3-9474-1A3956D46DE8}") = "App", "App", "{8A0869FB-0A32-4A53-870D-55CFCA558972}"
EndProject
Project("{2150E333-8FDC-42A3-9474-1A3956D46DE8}") = "Business", "Business", "{04E0432A-39C4-49A2-A363-F67A5E7C2E2D}"
EndProject
Project("{2150E333-8FDC-42A3-9474-1A3956D46DE8}") = "Data", "Data", "{02E49A65-44BF-42B9-8050-AA8F5A916EB8}"
EndProject
Project("{FAE04EC0-301F-11D3-BF4B-00C04F79EFBC}") = "EFCore.WebApp", "src\EFCore.WebApp\EFCore.WebApp.csproj", "{EA53DC9F-CF1E-4F70-B475-0730F391E3A2}"
EndProject
Project("{FAE04EC0-301F-11D3-BF4B-00C04F79EFBC}") = "EFCore.Business", "src\EFCore.Business\EFCore.Business.csproj", "{FA530082-5C68-40C6-80E3-311FCCD37130}"
EndProject
Project("{FAE04EC0-301F-11D3-BF4B-00C04F79EFBC}") = "EFCore.Data", "src\EFCore.Data\EFCore.Data.csproj", "{19DC24A4-4D95-4F2E-8A23-C827F15285B0}"
EndProject
Global
	GlobalSection(SolutionConfigurationPlatforms) = preSolution
		Debug|Any CPU = Debug|Any CPU
		Debug|x64 = Debug|x64
		Debug|x86 = Debug|x86
		Release|Any CPU = Release|Any CPU
		Release|x64 = Release|x64
		Release|x86 = Release|x86
	EndGlobalSection
	GlobalSection(ProjectConfigurationPlatforms) = postSolution
		{EA53DC9F-CF1E-4F70-B475-0730F391E3A2}.Debug|Any CPU.ActiveCfg = Debug|Any CPU
		{EA53DC9F-CF1E-4F70-B475-0730F391E3A2}.Debug|Any CPU.Build.0 = Debug|Any CPU
		{EA53DC9F-CF1E-4F70-B475-0730F391E3A2}.Debug|x64.ActiveCfg = Debug|Any CPU
		{EA53DC9F-CF1E-4F70-B475-0730F391E3A2}.Debug|x64.Build.0 = Debug|Any CPU
		{EA53DC9F-CF1E-4F70-B475-0730F391E3A2}.Debug|x86.ActiveCfg = Debug|Any CPU
		{EA53DC9F-CF1E-4F70-B475-0730F391E3A2}.Debug|x86.Build.0 = Debug|Any CPU
		{EA53DC9F-CF1E-4F70-B475-0730F391E3A2}.Release|Any CPU.ActiveCfg = Release|Any CPU
		{EA53DC9F-CF1E-4F70-B475-0730F391E3A2}.Release|Any CPU.Build.0 = Release|Any CPU
		{EA53DC9F-CF1E-4F70-B475-0730F391E3A2}.Release|x64.ActiveCfg = Release|Any CPU
		{EA53DC9F-CF1E-4F70-B475-0730F391E3A2}.Release|x64.Build.0 = Release|Any CPU
		{EA53DC9F-CF1E-4F70-B475-0730F391E3A2}.Release|x86.ActiveCfg = Release|Any CPU
		{EA53DC9F-CF1E-4F70-B475-0730F391E3A2}.Release|x86.Build.0 = Release|Any CPU
		{FA530082-5C68-40C6-80E3-311FCCD37130}.Debug|Any CPU.ActiveCfg = Debug|Any CPU
		{FA530082-5C68-40C6-80E3-311FCCD37130}.Debug|Any CPU.Build.0 = Debug|Any CPU
		{FA530082-5C68-40C6-80E3-311FCCD37130}.Debug|x64.ActiveCfg = Debug|Any CPU
		{FA530082-5C68-40C6-80E3-311FCCD37130}.Debug|x64.Build.0 = Debug|Any CPU
		{FA530082-5C68-40C6-80E3-311FCCD37130}.Debug|x86.ActiveCfg = Debug|Any CPU
		{FA530082-5C68-40C6-80E3-311FCCD37130}.Debug|x86.Build.0 = Debug|Any CPU
		{FA530082-5C68-40C6-80E3-311FCCD37130}.Release|Any CPU.ActiveCfg = Release|Any CPU
		{FA530082-5C68-40C6-80E3-311FCCD37130}.Release|Any CPU.Build.0 = Release|Any CPU
		{FA530082-5C68-40C6-80E3-311FCCD37130}.Release|x64.ActiveCfg = Release|Any CPU
		{FA530082-5C68-40C6-80E3-311FCCD37130}.Release|x64.Build.0 = Release|Any CPU
		{FA530082-5C68-40C6-80E3-311FCCD37130}.Release|x86.ActiveCfg = Release|Any CPU
		{FA530082-5C68-40C6-80E3-311FCCD37130}.Release|x86.Build.0 = Release|Any CPU
		{19DC24A4-4D95-4F2E-8A23-C827F15285B0}.Debug|Any CPU.ActiveCfg = Debug|Any CPU
		{19DC24A4-4D95-4F2E-8A23-C827F15285B0}.Debug|Any CPU.Build.0 = Debug|Any CPU
		{19DC24A4-4D95-4F2E-8A23-C827F15285B0}.Debug|x64.ActiveCfg = Debug|Any CPU
		{19DC24A4-4D95-4F2E-8A23-C827F15285B0}.Debug|x64.Build.0 = Debug|Any CPU
		{19DC24A4-4D95-4F2E-8A23-C827F15285B0}.Debug|x86.ActiveCfg = Debug|Any CPU
		{19DC24A4-4D95-4F2E-8A23-C827F15285B0}.Debug|x86.Build.0 = Debug|Any CPU
		{19DC24A4-4D95-4F2E-8A23-C827F15285B0}.Release|Any CPU.ActiveCfg = Release|Any CPU
		{19DC24A4-4D95-4F2E-8A23-C827F15285B0}.Release|Any CPU.Build.0 = Release|Any CPU
		{19DC24A4-4D95-4F2E-8A23-C827F15285B0}.Release|x64.ActiveCfg = Release|Any CPU
		{19DC24A4-4D95-4F2E-8A23-C827F15285B0}.Release|x64.Build.0 = Release|Any CPU
		{19DC24A4-4D95-4F2E-8A23-C827F15285B0}.Release|x86.ActiveCfg = Release|Any CPU
		{19DC24A4-4D95-4F2E-8A23-C827F15285B0}.Release|x86.Build.0 = Release|Any CPU
	EndGlobalSection
	GlobalSection(SolutionProperties) = preSolution
		HideSolutionNode = FALSE
	EndGlobalSection
	GlobalSection(NestedProjects) = preSolution
		{8A0869FB-0A32-4A53-870D-55CFCA558972} = {8CD3EFFE-F95E-44B9-8417-3DA5BB3D5E4B}
		{04E0432A-39C4-49A2-A363-F67A5E7C2E2D} = {8CD3EFFE-F95E-44B9-8417-3DA5BB3D5E4B}
		{02E49A65-44BF-42B9-8050-AA8F5A916EB8} = {8CD3EFFE-F95E-44B9-8417-3DA5BB3D5E4B}
		{EA53DC9F-CF1E-4F70-B475-0730F391E3A2} = {8A0869FB-0A32-4A53-870D-55CFCA558972}
		{FA530082-5C68-40C6-80E3-311FCCD37130} = {04E0432A-39C4-49A2-A363-F67A5E7C2E2D}
		{19DC24A4-4D95-4F2E-8A23-C827F15285B0} = {02E49A65-44BF-42B9-8050-AA8F5A916EB8}
	EndGlobalSection
	GlobalSection(ExtensibilityGlobals) = postSolution
		SolutionGuid = {F38E4885-D841-4991-80EB-9EC7E27D5446}
	EndGlobalSection
EndGlobal
